// !$*UTF8*$!
{
	archiveVersion = 1;
	classes = {
	};
	objectVersion = 55;
	objects = {

/* Begin PBXBuildFile section */
		9C3C855028743DED00BAC07E /* OnboardingContainerViewController.swift in Sources */ = {isa = PBXBuildFile; fileRef = 9C3C854F28743DED00BAC07E /* OnboardingContainerViewController.swift */; };
		9C3C85522874488200BAC07E /* OnboardingViewController.swift in Sources */ = {isa = PBXBuildFile; fileRef = 9C3C85512874488200BAC07E /* OnboardingViewController.swift */; };
		9C6425A1287D916100BFF4F7 /* AccountSummaryViewController.swift in Sources */ = {isa = PBXBuildFile; fileRef = 9C6425A0287D916100BFF4F7 /* AccountSummaryViewController.swift */; };
		9C6425A3287DA19100BFF4F7 /* AccountSummaryHeaderView.swift in Sources */ = {isa = PBXBuildFile; fileRef = 9C6425A2287DA19100BFF4F7 /* AccountSummaryHeaderView.swift */; };
		9C6425A5287DA20C00BFF4F7 /* AccountSummaryHeaderView.xib in Resources */ = {isa = PBXBuildFile; fileRef = 9C6425A4287DA20C00BFF4F7 /* AccountSummaryHeaderView.xib */; };
		9C945E8A287705DE00C17799 /* DummyViewController.swift in Sources */ = {isa = PBXBuildFile; fileRef = 9C945E89287705DE00C17799 /* DummyViewController.swift */; };
		9C9C8943286EF2AC00635FA8 /* AppDelegate.swift in Sources */ = {isa = PBXBuildFile; fileRef = 9C9C8942286EF2AC00635FA8 /* AppDelegate.swift */; };
		9C9C8947286EF2AC00635FA8 /* LoginViewController.swift in Sources */ = {isa = PBXBuildFile; fileRef = 9C9C8946286EF2AC00635FA8 /* LoginViewController.swift */; };
		9C9C894C286EF2AD00635FA8 /* Assets.xcassets in Resources */ = {isa = PBXBuildFile; fileRef = 9C9C894B286EF2AD00635FA8 /* Assets.xcassets */; };
		9C9C894F286EF2AD00635FA8 /* LaunchScreen.storyboard in Resources */ = {isa = PBXBuildFile; fileRef = 9C9C894D286EF2AD00635FA8 /* LaunchScreen.storyboard */; };
		9C9C8959286EF91B00635FA8 /* LoginView.swift in Sources */ = {isa = PBXBuildFile; fileRef = 9C9C8958286EF91B00635FA8 /* LoginView.swift */; };
		9CC07715287C2B5900255FBB /* LocalState.swift in Sources */ = {isa = PBXBuildFile; fileRef = 9CC07714287C2B5900255FBB /* LocalState.swift */; };
		9CC07717287C5B8000255FBB /* UIViewController+Utils.swift in Sources */ = {isa = PBXBuildFile; fileRef = 9CC07716287C5B8000255FBB /* UIViewController+Utils.swift */; };
		9CC07719287C5E4B00255FBB /* MainViewController.swift in Sources */ = {isa = PBXBuildFile; fileRef = 9CC07718287C5E4B00255FBB /* MainViewController.swift */; };
/* End PBXBuildFile section */

/* Begin PBXFileReference section */
		9C3C854F28743DED00BAC07E /* OnboardingContainerViewController.swift */ = {isa = PBXFileReference; lastKnownFileType = sourcecode.swift; path = OnboardingContainerViewController.swift; sourceTree = "<group>"; };
		9C3C85512874488200BAC07E /* OnboardingViewController.swift */ = {isa = PBXFileReference; lastKnownFileType = sourcecode.swift; path = OnboardingViewController.swift; sourceTree = "<group>"; };
		9C6425A0287D916100BFF4F7 /* AccountSummaryViewController.swift */ = {isa = PBXFileReference; lastKnownFileType = sourcecode.swift; path = AccountSummaryViewController.swift; sourceTree = "<group>"; };
		9C6425A2287DA19100BFF4F7 /* AccountSummaryHeaderView.swift */ = {isa = PBXFileReference; lastKnownFileType = sourcecode.swift; path = AccountSummaryHeaderView.swift; sourceTree = "<group>"; };
		9C6425A4287DA20C00BFF4F7 /* AccountSummaryHeaderView.xib */ = {isa = PBXFileReference; lastKnownFileType = file.xib; path = AccountSummaryHeaderView.xib; sourceTree = "<group>"; };
		9C945E89287705DE00C17799 /* DummyViewController.swift */ = {isa = PBXFileReference; lastKnownFileType = sourcecode.swift; path = DummyViewController.swift; sourceTree = "<group>"; };
		9C9C893F286EF2AC00635FA8 /* Bankey.app */ = {isa = PBXFileReference; explicitFileType = wrapper.application; includeInIndex = 0; path = Bankey.app; sourceTree = BUILT_PRODUCTS_DIR; };
		9C9C8942286EF2AC00635FA8 /* AppDelegate.swift */ = {isa = PBXFileReference; lastKnownFileType = sourcecode.swift; path = AppDelegate.swift; sourceTree = "<group>"; };
		9C9C8946286EF2AC00635FA8 /* LoginViewController.swift */ = {isa = PBXFileReference; lastKnownFileType = sourcecode.swift; path = LoginViewController.swift; sourceTree = "<group>"; };
		9C9C894B286EF2AD00635FA8 /* Assets.xcassets */ = {isa = PBXFileReference; lastKnownFileType = folder.assetcatalog; path = Assets.xcassets; sourceTree = "<group>"; };
		9C9C894E286EF2AD00635FA8 /* Base */ = {isa = PBXFileReference; lastKnownFileType = file.storyboard; name = Base; path = Base.lproj/LaunchScreen.storyboard; sourceTree = "<group>"; };
		9C9C8950286EF2AD00635FA8 /* Info.plist */ = {isa = PBXFileReference; lastKnownFileType = text.plist.xml; path = Info.plist; sourceTree = "<group>"; };
		9C9C8958286EF91B00635FA8 /* LoginView.swift */ = {isa = PBXFileReference; lastKnownFileType = sourcecode.swift; path = LoginView.swift; sourceTree = "<group>"; };
		9CC07714287C2B5900255FBB /* LocalState.swift */ = {isa = PBXFileReference; lastKnownFileType = sourcecode.swift; path = LocalState.swift; sourceTree = "<group>"; };
		9CC07716287C5B8000255FBB /* UIViewController+Utils.swift */ = {isa = PBXFileReference; lastKnownFileType = sourcecode.swift; path = "UIViewController+Utils.swift"; sourceTree = "<group>"; };
		9CC07718287C5E4B00255FBB /* MainViewController.swift */ = {isa = PBXFileReference; lastKnownFileType = sourcecode.swift; path = MainViewController.swift; sourceTree = "<group>"; };
/* End PBXFileReference section */

/* Begin PBXFrameworksBuildPhase section */
		9C9C893C286EF2AC00635FA8 /* Frameworks */ = {
			isa = PBXFrameworksBuildPhase;
			buildActionMask = 2147483647;
			files = (
			);
			runOnlyForDeploymentPostprocessing = 0;
		};
/* End PBXFrameworksBuildPhase section */

/* Begin PBXGroup section */
		9C3C854E28743D8800BAC07E /* Onboarding */ = {
			isa = PBXGroup;
			children = (
				9C3C854F28743DED00BAC07E /* OnboardingContainerViewController.swift */,
				9C3C85512874488200BAC07E /* OnboardingViewController.swift */,
			);
			path = Onboarding;
			sourceTree = "<group>";
		};
		9C64259F287D90E500BFF4F7 /* AccountSummary */ = {
			isa = PBXGroup;
			children = (
				9C6425A0287D916100BFF4F7 /* AccountSummaryViewController.swift */,
				9C6425A2287DA19100BFF4F7 /* AccountSummaryHeaderView.swift */,
				9C6425A4287DA20C00BFF4F7 /* AccountSummaryHeaderView.xib */,
			);
			path = AccountSummary;
			sourceTree = "<group>";
		};
		9C9C8936286EF2AC00635FA8 = {
			isa = PBXGroup;
			children = (
				9C9C8941286EF2AC00635FA8 /* Bankey */,
				9C9C8940286EF2AC00635FA8 /* Products */,
			);
			sourceTree = "<group>";
		};
		9C9C8940286EF2AC00635FA8 /* Products */ = {
			isa = PBXGroup;
			children = (
				9C9C893F286EF2AC00635FA8 /* Bankey.app */,
			);
			name = Products;
			sourceTree = "<group>";
		};
		9C9C8941286EF2AC00635FA8 /* Bankey */ = {
			isa = PBXGroup;
			children = (
				9C9C8942286EF2AC00635FA8 /* AppDelegate.swift */,
				9CC07718287C5E4B00255FBB /* MainViewController.swift */,
				9C9C8957286EF8C900635FA8 /* Login */,
				9C3C854E28743D8800BAC07E /* Onboarding */,
				9C64259F287D90E500BFF4F7 /* AccountSummary */,
				9CC07713287C2B4400255FBB /* Utils */,
				9C9C8956286EF83B00635FA8 /* Files */,
			);
			path = Bankey;
			sourceTree = "<group>";
		};
		9C9C8956286EF83B00635FA8 /* Files */ = {
			isa = PBXGroup;
			children = (
				9C9C894B286EF2AD00635FA8 /* Assets.xcassets */,
				9C9C894D286EF2AD00635FA8 /* LaunchScreen.storyboard */,
				9C9C8950286EF2AD00635FA8 /* Info.plist */,
			);
			name = Files;
			sourceTree = "<group>";
		};
		9C9C8957286EF8C900635FA8 /* Login */ = {
			isa = PBXGroup;
			children = (
				9C9C8946286EF2AC00635FA8 /* LoginViewController.swift */,
				9C9C8958286EF91B00635FA8 /* LoginView.swift */,
				9C945E89287705DE00C17799 /* DummyViewController.swift */,
			);
			path = Login;
			sourceTree = "<group>";
		};
		9CC07713287C2B4400255FBB /* Utils */ = {
			isa = PBXGroup;
			children = (
				9CC07714287C2B5900255FBB /* LocalState.swift */,
				9CC07716287C5B8000255FBB /* UIViewController+Utils.swift */,
			);
			path = Utils;
			sourceTree = "<group>";
		};
/* End PBXGroup section */

/* Begin PBXNativeTarget section */
		9C9C893E286EF2AC00635FA8 /* Bankey */ = {
			isa = PBXNativeTarget;
			buildConfigurationList = 9C9C8953286EF2AD00635FA8 /* Build configuration list for PBXNativeTarget "Bankey" */;
			buildPhases = (
				9C9C893B286EF2AC00635FA8 /* Sources */,
				9C9C893C286EF2AC00635FA8 /* Frameworks */,
				9C9C893D286EF2AC00635FA8 /* Resources */,
			);
			buildRules = (
			);
			dependencies = (
			);
			name = Bankey;
			productName = Bankey;
			productReference = 9C9C893F286EF2AC00635FA8 /* Bankey.app */;
			productType = "com.apple.product-type.application";
		};
/* End PBXNativeTarget section */

/* Begin PBXProject section */
		9C9C8937286EF2AC00635FA8 /* Project object */ = {
			isa = PBXProject;
			attributes = {
				BuildIndependentTargetsInParallel = 1;
				LastSwiftUpdateCheck = 1320;
				LastUpgradeCheck = 1320;
				TargetAttributes = {
					9C9C893E286EF2AC00635FA8 = {
						CreatedOnToolsVersion = 13.2.1;
					};
				};
			};
			buildConfigurationList = 9C9C893A286EF2AC00635FA8 /* Build configuration list for PBXProject "Bankey" */;
			compatibilityVersion = "Xcode 13.0";
			developmentRegion = en;
			hasScannedForEncodings = 0;
			knownRegions = (
				en,
				Base,
			);
			mainGroup = 9C9C8936286EF2AC00635FA8;
			productRefGroup = 9C9C8940286EF2AC00635FA8 /* Products */;
			projectDirPath = "";
			projectRoot = "";
			targets = (
				9C9C893E286EF2AC00635FA8 /* Bankey */,
			);
		};
/* End PBXProject section */

/* Begin PBXResourcesBuildPhase section */
		9C9C893D286EF2AC00635FA8 /* Resources */ = {
			isa = PBXResourcesBuildPhase;
			buildActionMask = 2147483647;
			files = (
				9C6425A5287DA20C00BFF4F7 /* AccountSummaryHeaderView.xib in Resources */,
				9C9C894F286EF2AD00635FA8 /* LaunchScreen.storyboard in Resources */,
				9C9C894C286EF2AD00635FA8 /* Assets.xcassets in Resources */,
			);
			runOnlyForDeploymentPostprocessing = 0;
		};
/* End PBXResourcesBuildPhase section */

/* Begin PBXSourcesBuildPhase section */
		9C9C893B286EF2AC00635FA8 /* Sources */ = {
			isa = PBXSourcesBuildPhase;
			buildActionMask = 2147483647;
			files = (
				9CC07717287C5B8000255FBB /* UIViewController+Utils.swift in Sources */,
				9C9C8959286EF91B00635FA8 /* LoginView.swift in Sources */,
				9CC07715287C2B5900255FBB /* LocalState.swift in Sources */,
				9C6425A3287DA19100BFF4F7 /* AccountSummaryHeaderView.swift in Sources */,
				9C945E8A287705DE00C17799 /* DummyViewController.swift in Sources */,
				9C9C8947286EF2AC00635FA8 /* LoginViewController.swift in Sources */,
				9C3C85522874488200BAC07E /* OnboardingViewController.swift in Sources */,
				9CC07719287C5E4B00255FBB /* MainViewController.swift in Sources */,
				9C6425A1287D916100BFF4F7 /* AccountSummaryViewController.swift in Sources */,
				9C9C8943286EF2AC00635FA8 /* AppDelegate.swift in Sources */,
				9C3C855028743DED00BAC07E /* OnboardingContainerViewController.swift in Sources */,
			);
			runOnlyForDeploymentPostprocessing = 0;
		};
/* End PBXSourcesBuildPhase section */

/* Begin PBXVariantGroup section */
		9C9C894D286EF2AD00635FA8 /* LaunchScreen.storyboard */ = {
			isa = PBXVariantGroup;
			children = (
				9C9C894E286EF2AD00635FA8 /* Base */,
			);
			name = LaunchScreen.storyboard;
			sourceTree = "<group>";
		};
/* End PBXVariantGroup section */

/* Begin XCBuildConfiguration section */
		9C9C8951286EF2AD00635FA8 /* Debug */ = {
			isa = XCBuildConfiguration;
			buildSettings = {
				ALWAYS_SEARCH_USER_PATHS = NO;
				CLANG_ANALYZER_NONNULL = YES;
				CLANG_ANALYZER_NUMBER_OBJECT_CONVERSION = YES_AGGRESSIVE;
				CLANG_CXX_LANGUAGE_STANDARD = "gnu++17";
				CLANG_CXX_LIBRARY = "libc++";
				CLANG_ENABLE_MODULES = YES;
				CLANG_ENABLE_OBJC_ARC = YES;
				CLANG_ENABLE_OBJC_WEAK = YES;
				CLANG_WARN_BLOCK_CAPTURE_AUTORELEASING = YES;
				CLANG_WARN_BOOL_CONVERSION = YES;
				CLANG_WARN_COMMA = YES;
				CLANG_WARN_CONSTANT_CONVERSION = YES;
				CLANG_WARN_DEPRECATED_OBJC_IMPLEMENTATIONS = YES;
				CLANG_WARN_DIRECT_OBJC_ISA_USAGE = YES_ERROR;
				CLANG_WARN_DOCUMENTATION_COMMENTS = YES;
				CLANG_WARN_EMPTY_BODY = YES;
				CLANG_WARN_ENUM_CONVERSION = YES;
				CLANG_WARN_INFINITE_RECURSION = YES;
				CLANG_WARN_INT_CONVERSION = YES;
				CLANG_WARN_NON_LITERAL_NULL_CONVERSION = YES;
				CLANG_WARN_OBJC_IMPLICIT_RETAIN_SELF = YES;
				CLANG_WARN_OBJC_LITERAL_CONVERSION = YES;
				CLANG_WARN_OBJC_ROOT_CLASS = YES_ERROR;
				CLANG_WARN_QUOTED_INCLUDE_IN_FRAMEWORK_HEADER = YES;
				CLANG_WARN_RANGE_LOOP_ANALYSIS = YES;
				CLANG_WARN_STRICT_PROTOTYPES = YES;
				CLANG_WARN_SUSPICIOUS_MOVE = YES;
				CLANG_WARN_UNGUARDED_AVAILABILITY = YES_AGGRESSIVE;
				CLANG_WARN_UNREACHABLE_CODE = YES;
				CLANG_WARN__DUPLICATE_METHOD_MATCH = YES;
				COPY_PHASE_STRIP = NO;
				DEBUG_INFORMATION_FORMAT = dwarf;
				ENABLE_STRICT_OBJC_MSGSEND = YES;
				ENABLE_TESTABILITY = YES;
				GCC_C_LANGUAGE_STANDARD = gnu11;
				GCC_DYNAMIC_NO_PIC = NO;
				GCC_NO_COMMON_BLOCKS = YES;
				GCC_OPTIMIZATION_LEVEL = 0;
				GCC_PREPROCESSOR_DEFINITIONS = (
					"DEBUG=1",
					"$(inherited)",
				);
				GCC_WARN_64_TO_32_BIT_CONVERSION = YES;
				GCC_WARN_ABOUT_RETURN_TYPE = YES_ERROR;
				GCC_WARN_UNDECLARED_SELECTOR = YES;
				GCC_WARN_UNINITIALIZED_AUTOS = YES_AGGRESSIVE;
				GCC_WARN_UNUSED_FUNCTION = YES;
				GCC_WARN_UNUSED_VARIABLE = YES;
				IPHONEOS_DEPLOYMENT_TARGET = 15.2;
				MTL_ENABLE_DEBUG_INFO = INCLUDE_SOURCE;
				MTL_FAST_MATH = YES;
				ONLY_ACTIVE_ARCH = YES;
				SDKROOT = iphoneos;
				SWIFT_ACTIVE_COMPILATION_CONDITIONS = DEBUG;
				SWIFT_OPTIMIZATION_LEVEL = "-Onone";
			};
			name = Debug;
		};
		9C9C8952286EF2AD00635FA8 /* Release */ = {
			isa = XCBuildConfiguration;
			buildSettings = {
				ALWAYS_SEARCH_USER_PATHS = NO;
				CLANG_ANALYZER_NONNULL = YES;
				CLANG_ANALYZER_NUMBER_OBJECT_CONVERSION = YES_AGGRESSIVE;
				CLANG_CXX_LANGUAGE_STANDARD = "gnu++17";
				CLANG_CXX_LIBRARY = "libc++";
				CLANG_ENABLE_MODULES = YES;
				CLANG_ENABLE_OBJC_ARC = YES;
				CLANG_ENABLE_OBJC_WEAK = YES;
				CLANG_WARN_BLOCK_CAPTURE_AUTORELEASING = YES;
				CLANG_WARN_BOOL_CONVERSION = YES;
				CLANG_WARN_COMMA = YES;
				CLANG_WARN_CONSTANT_CONVERSION = YES;
				CLANG_WARN_DEPRECATED_OBJC_IMPLEMENTATIONS = YES;
				CLANG_WARN_DIRECT_OBJC_ISA_USAGE = YES_ERROR;
				CLANG_WARN_DOCUMENTATION_COMMENTS = YES;
				CLANG_WARN_EMPTY_BODY = YES;
				CLANG_WARN_ENUM_CONVERSION = YES;
				CLANG_WARN_INFINITE_RECURSION = YES;
				CLANG_WARN_INT_CONVERSION = YES;
				CLANG_WARN_NON_LITERAL_NULL_CONVERSION = YES;
				CLANG_WARN_OBJC_IMPLICIT_RETAIN_SELF = YES;
				CLANG_WARN_OBJC_LITERAL_CONVERSION = YES;
				CLANG_WARN_OBJC_ROOT_CLASS = YES_ERROR;
				CLANG_WARN_QUOTED_INCLUDE_IN_FRAMEWORK_HEADER = YES;
				CLANG_WARN_RANGE_LOOP_ANALYSIS = YES;
				CLANG_WARN_STRICT_PROTOTYPES = YES;
				CLANG_WARN_SUSPICIOUS_MOVE = YES;
				CLANG_WARN_UNGUARDED_AVAILABILITY = YES_AGGRESSIVE;
				CLANG_WARN_UNREACHABLE_CODE = YES;
				CLANG_WARN__DUPLICATE_METHOD_MATCH = YES;
				COPY_PHASE_STRIP = NO;
				DEBUG_INFORMATION_FORMAT = "dwarf-with-dsym";
				ENABLE_NS_ASSERTIONS = NO;
				ENABLE_STRICT_OBJC_MSGSEND = YES;
				GCC_C_LANGUAGE_STANDARD = gnu11;
				GCC_NO_COMMON_BLOCKS = YES;
				GCC_WARN_64_TO_32_BIT_CONVERSION = YES;
				GCC_WARN_ABOUT_RETURN_TYPE = YES_ERROR;
				GCC_WARN_UNDECLARED_SELECTOR = YES;
				GCC_WARN_UNINITIALIZED_AUTOS = YES_AGGRESSIVE;
				GCC_WARN_UNUSED_FUNCTION = YES;
				GCC_WARN_UNUSED_VARIABLE = YES;
				IPHONEOS_DEPLOYMENT_TARGET = 15.2;
				MTL_ENABLE_DEBUG_INFO = NO;
				MTL_FAST_MATH = YES;
				SDKROOT = iphoneos;
				SWIFT_COMPILATION_MODE = wholemodule;
				SWIFT_OPTIMIZATION_LEVEL = "-O";
				VALIDATE_PRODUCT = YES;
			};
			name = Release;
		};
		9C9C8954286EF2AD00635FA8 /* Debug */ = {
			isa = XCBuildConfiguration;
			buildSettings = {
				ASSETCATALOG_COMPILER_APPICON_NAME = AppIcon;
				ASSETCATALOG_COMPILER_GLOBAL_ACCENT_COLOR_NAME = AccentColor;
				CODE_SIGN_STYLE = Automatic;
				CURRENT_PROJECT_VERSION = 1;
				DEVELOPMENT_TEAM = 4VFBQH2492;
				GENERATE_INFOPLIST_FILE = YES;
				INFOPLIST_FILE = Bankey/Info.plist;
				INFOPLIST_KEY_UIApplicationSupportsIndirectInputEvents = YES;
				INFOPLIST_KEY_UILaunchStoryboardName = LaunchScreen;
				INFOPLIST_KEY_UISupportedInterfaceOrientations_iPad = "UIInterfaceOrientationPortrait UIInterfaceOrientationPortraitUpsideDown UIInterfaceOrientationLandscapeLeft UIInterfaceOrientationLandscapeRight";
				INFOPLIST_KEY_UISupportedInterfaceOrientations_iPhone = "UIInterfaceOrientationPortrait UIInterfaceOrientationLandscapeLeft UIInterfaceOrientationLandscapeRight";
				LD_RUNPATH_SEARCH_PATHS = (
					"$(inherited)",
					"@executable_path/Frameworks",
				);
				MARKETING_VERSION = 1.0;
				PRODUCT_BUNDLE_IDENTIFIER = com.tileksardarbekov.Bankey;
				PRODUCT_NAME = "$(TARGET_NAME)";
				SWIFT_EMIT_LOC_STRINGS = YES;
				SWIFT_VERSION = 5.0;
				TARGETED_DEVICE_FAMILY = "1,2";
			};
			name = Debug;
		};
		9C9C8955286EF2AD00635FA8 /* Release */ = {
			isa = XCBuildConfiguration;
			buildSettings = {
				ASSETCATALOG_COMPILER_APPICON_NAME = AppIcon;
				ASSETCATALOG_COMPILER_GLOBAL_ACCENT_COLOR_NAME = AccentColor;
				CODE_SIGN_STYLE = Automatic;
				CURRENT_PROJECT_VERSION = 1;
				DEVELOPMENT_TEAM = 4VFBQH2492;
				GENERATE_INFOPLIST_FILE = YES;
				INFOPLIST_FILE = Bankey/Info.plist;
				INFOPLIST_KEY_UIApplicationSupportsIndirectInputEvents = YES;
				INFOPLIST_KEY_UILaunchStoryboardName = LaunchScreen;
				INFOPLIST_KEY_UISupportedInterfaceOrientations_iPad = "UIInterfaceOrientationPortrait UIInterfaceOrientationPortraitUpsideDown UIInterfaceOrientationLandscapeLeft UIInterfaceOrientationLandscapeRight";
				INFOPLIST_KEY_UISupportedInterfaceOrientations_iPhone = "UIInterfaceOrientationPortrait UIInterfaceOrientationLandscapeLeft UIInterfaceOrientationLandscapeRight";
				LD_RUNPATH_SEARCH_PATHS = (
					"$(inherited)",
					"@executable_path/Frameworks",
				);
				MARKETING_VERSION = 1.0;
				PRODUCT_BUNDLE_IDENTIFIER = com.tileksardarbekov.Bankey;
				PRODUCT_NAME = "$(TARGET_NAME)";
				SWIFT_EMIT_LOC_STRINGS = YES;
				SWIFT_VERSION = 5.0;
				TARGETED_DEVICE_FAMILY = "1,2";
			};
			name = Release;
		};
/* End XCBuildConfiguration section */

/* Begin XCConfigurationList section */
		9C9C893A286EF2AC00635FA8 /* Build configuration list for PBXProject "Bankey" */ = {
			isa = XCConfigurationList;
			buildConfigurations = (
				9C9C8951286EF2AD00635FA8 /* Debug */,
				9C9C8952286EF2AD00635FA8 /* Release */,
			);
			defaultConfigurationIsVisible = 0;
			defaultConfigurationName = Release;
		};
		9C9C8953286EF2AD00635FA8 /* Build configuration list for PBXNativeTarget "Bankey" */ = {
			isa = XCConfigurationList;
			buildConfigurations = (
				9C9C8954286EF2AD00635FA8 /* Debug */,
				9C9C8955286EF2AD00635FA8 /* Release */,
			);
			defaultConfigurationIsVisible = 0;
			defaultConfigurationName = Release;
		};
/* End XCConfigurationList section */
	};
	rootObject = 9C9C8937286EF2AC00635FA8 /* Project object */;
}
